{
  "name": "2sic-standard-skin-template",
  "version": "03.00.02",
  "lockfileVersion": 1,
  "requires": true,
  "dependencies": {
    "bootstrap": {
      "version": "4.1.0",
      "resolved": "http://registry.npmjs.org/bootstrap/-/bootstrap-4.1.0.tgz",
      "integrity": "sha512-kCo82nE8qYVfOa/Z3hL98CPgPIEkh6iPdiJrUJMQ9n9r0+6PEET7cmhLlV0XVYmEj5QtKIOaSGMLxy5jSFhKog=="
    },
    "jquery": {
      "version": "3.3.1",
      "resolved": "https://registry.npmjs.org/jquery/-/jquery-3.3.1.tgz",
      "integrity": "sha512-Ubldcmxp5np52/ENotGxlLe6aGMvmF4R8S6tZjsP6Knsaxd/xp3Zrh50cG93lR6nPXyUFwzN3ZSOQI0wRJNdGg=="
    },
    "sidr": {
      "version": "2.2.1",
      "resolved": "https://registry.npmjs.org/sidr/-/sidr-2.2.1.tgz",
      "integrity": "sha1-IpE3ZXXSVZ9LDFY/fUDiJN0+zHA=",
      "requires": {
        "jquery": "3.3.1"
      }
    }
  }
}
